// !$*UTF8*$!
{
	archiveVersion = 1;
	classes = {
	};
	objectVersion = 48;
	objects = {

/* Begin PBXBuildFile section */
		7E4EE06F1F982F4400BE0E89 /* ArcWithLabelView.swift in Sources */ = {isa = PBXBuildFile; fileRef = 7E4EE06E1F982F4400BE0E89 /* ArcWithLabelView.swift */; };
		7E4EE0711F982F5000BE0E89 /* ArcWithLabelView.xib in Resources */ = {isa = PBXBuildFile; fileRef = 7E4EE0701F982F5000BE0E89 /* ArcWithLabelView.xib */; };
		7ECA64CD1F981C23009515A4 /* AppDelegate.swift in Sources */ = {isa = PBXBuildFile; fileRef = 7ECA64CC1F981C23009515A4 /* AppDelegate.swift */; };
		7ECA64CF1F981C23009515A4 /* ViewController.swift in Sources */ = {isa = PBXBuildFile; fileRef = 7ECA64CE1F981C23009515A4 /* ViewController.swift */; };
		7ECA64D21F981C23009515A4 /* Main.storyboard in Resources */ = {isa = PBXBuildFile; fileRef = 7ECA64D01F981C23009515A4 /* Main.storyboard */; };
		7ECA64D41F981C23009515A4 /* Assets.xcassets in Resources */ = {isa = PBXBuildFile; fileRef = 7ECA64D31F981C23009515A4 /* Assets.xcassets */; };
		7ECA64D71F981C23009515A4 /* LaunchScreen.storyboard in Resources */ = {isa = PBXBuildFile; fileRef = 7ECA64D51F981C23009515A4 /* LaunchScreen.storyboard */; };
		7ECA64E71F9828E6009515A4 /* ArcView.swift in Sources */ = {isa = PBXBuildFile; fileRef = 7ECA64E61F9828E6009515A4 /* ArcView.swift */; };
/* End PBXBuildFile section */

/* Begin PBXFileReference section */
		7E4EE06E1F982F4400BE0E89 /* ArcWithLabelView.swift */ = {isa = PBXFileReference; lastKnownFileType = sourcecode.swift; path = ArcWithLabelView.swift; sourceTree = "<group>"; };
		7E4EE0701F982F5000BE0E89 /* ArcWithLabelView.xib */ = {isa = PBXFileReference; lastKnownFileType = file.xib; path = ArcWithLabelView.xib; sourceTree = "<group>"; };
		7ECA64C91F981C23009515A4 /* CustomViewAppSample.app */ = {isa = PBXFileReference; explicitFileType = wrapper.application; includeInIndex = 0; path = CustomViewAppSample.app; sourceTree = BUILT_PRODUCTS_DIR; };
		7ECA64CC1F981C23009515A4 /* AppDelegate.swift */ = {isa = PBXFileReference; lastKnownFileType = sourcecode.swift; path = AppDelegate.swift; sourceTree = "<group>"; };
		7ECA64CE1F981C23009515A4 /* ViewController.swift */ = {isa = PBXFileReference; lastKnownFileType = sourcecode.swift; path = ViewController.swift; sourceTree = "<group>"; };
		7ECA64D11F981C23009515A4 /* Base */ = {isa = PBXFileReference; lastKnownFileType = file.storyboard; name = Base; path = Base.lproj/Main.storyboard; sourceTree = "<group>"; };
		7ECA64D31F981C23009515A4 /* Assets.xcassets */ = {isa = PBXFileReference; lastKnownFileType = folder.assetcatalog; path = Assets.xcassets; sourceTree = "<group>"; };
		7ECA64D61F981C23009515A4 /* Base */ = {isa = PBXFileReference; lastKnownFileType = file.storyboard; name = Base; path = Base.lproj/LaunchScreen.storyboard; sourceTree = "<group>"; };
		7ECA64D81F981C23009515A4 /* Info.plist */ = {isa = PBXFileReference; lastKnownFileType = text.plist.xml; path = Info.plist; sourceTree = "<group>"; };
		7ECA64E61F9828E6009515A4 /* ArcView.swift */ = {isa = PBXFileReference; lastKnownFileType = sourcecode.swift; path = ArcView.swift; sourceTree = "<group>"; };
/* End PBXFileReference section */

/* Begin PBXFrameworksBuildPhase section */
		7ECA64C61F981C23009515A4 /* Frameworks */ = {
			isa = PBXFrameworksBuildPhase;
			buildActionMask = 2147483647;
			files = (
			);
			runOnlyForDeploymentPostprocessing = 0;
		};
/* End PBXFrameworksBuildPhase section */

/* Begin PBXGroup section */
		7ECA64C01F981C23009515A4 = {
			isa = PBXGroup;
			children = (
				7ECA64CB1F981C23009515A4 /* CustomViewAppSample */,
				7ECA64CA1F981C23009515A4 /* Products */,
			);
			sourceTree = "<group>";
		};
		7ECA64CA1F981C23009515A4 /* Products */ = {
			isa = PBXGroup;
			children = (
				7ECA64C91F981C23009515A4 /* CustomViewAppSample.app */,
			);
			name = Products;
			sourceTree = "<group>";
		};
		7ECA64CB1F981C23009515A4 /* CustomViewAppSample */ = {
			isa = PBXGroup;
			children = (
				7ECA64CC1F981C23009515A4 /* AppDelegate.swift */,
				7ECA64E61F9828E6009515A4 /* ArcView.swift */,
				7E4EE06E1F982F4400BE0E89 /* ArcWithLabelView.swift */,
				7E4EE0701F982F5000BE0E89 /* ArcWithLabelView.xib */,
				7ECA64D31F981C23009515A4 /* Assets.xcassets */,
				7ECA64D81F981C23009515A4 /* Info.plist */,
				7ECA64D51F981C23009515A4 /* LaunchScreen.storyboard */,
				7ECA64D01F981C23009515A4 /* Main.storyboard */,
				7ECA64CE1F981C23009515A4 /* ViewController.swift */,
			);
			path = CustomViewAppSample;
			sourceTree = "<group>";
		};
/* End PBXGroup section */

/* Begin PBXNativeTarget section */
		7ECA64C81F981C23009515A4 /* CustomViewAppSample */ = {
			isa = PBXNativeTarget;
			buildConfigurationList = 7ECA64DB1F981C23009515A4 /* Build configuration list for PBXNativeTarget "CustomViewAppSample" */;
			buildPhases = (
				7ECA64C51F981C23009515A4 /* Sources */,
				7ECA64C61F981C23009515A4 /* Frameworks */,
				7ECA64C71F981C23009515A4 /* Resources */,
			);
			buildRules = (
			);
			dependencies = (
			);
			name = CustomViewAppSample;
			productName = CustomViewAppSample;
			productReference = 7ECA64C91F981C23009515A4 /* CustomViewAppSample.app */;
			productType = "com.apple.product-type.application";
		};
/* End PBXNativeTarget section */

/* Begin PBXProject section */
		7ECA64C11F981C23009515A4 /* Project object */ = {
			isa = PBXProject;
			attributes = {
				LastSwiftUpdateCheck = 0900;
				LastUpgradeCheck = 0900;
				ORGANIZATIONNAME = "Tomoki Yamashita";
				TargetAttributes = {
					7ECA64C81F981C23009515A4 = {
						CreatedOnToolsVersion = 9.0.1;
						ProvisioningStyle = Automatic;
					};
				};
			};
			buildConfigurationList = 7ECA64C41F981C23009515A4 /* Build configuration list for PBXProject "CustomViewAppSample" */;
			compatibilityVersion = "Xcode 8.0";
			developmentRegion = en;
			hasScannedForEncodings = 0;
			knownRegions = (
				en,
				Base,
			);
			mainGroup = 7ECA64C01F981C23009515A4;
			productRefGroup = 7ECA64CA1F981C23009515A4 /* Products */;
			projectDirPath = "";
			projectRoot = "";
			targets = (
				7ECA64C81F981C23009515A4 /* CustomViewAppSample */,
			);
		};
/* End PBXProject section */

/* Begin PBXResourcesBuildPhase section */
		7ECA64C71F981C23009515A4 /* Resources */ = {
			isa = PBXResourcesBuildPhase;
			buildActionMask = 2147483647;
			files = (
				7ECA64D71F981C23009515A4 /* LaunchScreen.storyboard in Resources */,
				7ECA64D41F981C23009515A4 /* Assets.xcassets in Resources */,
				7E4EE0711F982F5000BE0E89 /* ArcWithLabelView.xib in Resources */,
				7ECA64D21F981C23009515A4 /* Main.storyboard in Resources */,
			);
			runOnlyForDeploymentPostprocessing = 0;
		};
/* End PBXResourcesBuildPhase section */

/* Begin PBXSourcesBuildPhase section */
		7ECA64C51F981C23009515A4 /* Sources */ = {
			isa = PBXSourcesBuildPhase;
			buildActionMask = 2147483647;
			files = (
				7ECA64E71F9828E6009515A4 /* ArcView.swift in Sources */,
				7ECA64CF1F981C23009515A4 /* ViewController.swift in Sources */,
				7E4EE06F1F982F4400BE0E89 /* ArcWithLabelView.swift in Sources */,
				7ECA64CD1F981C23009515A4 /* AppDelegate.swift in Sources */,
			);
			runOnlyForDeploymentPostprocessing = 0;
		};
/* End PBXSourcesBuildPhase section */

/* Begin PBXVariantGroup section */
		7ECA64D01F981C23009515A4 /* Main.storyboard */ = {
			isa = PBXVariantGroup;
			children = (
				7ECA64D11F981C23009515A4 /* Base */,
			);
			name = Main.storyboard;
			sourceTree = "<group>";
		};
		7ECA64D51F981C23009515A4 /* LaunchScreen.storyboard */ = {
			isa = PBXVariantGroup;
			children = (
				7ECA64D61F981C23009515A4 /* Base */,
			);
			name = LaunchScreen.storyboard;
			sourceTree = "<group>";
		};
/* End PBXVariantGroup section */

/* Begin XCBuildConfiguration section */
		7ECA64D91F981C23009515A4 /* Debug */ = {
			isa = XCBuildConfiguration;
			buildSettings = {
				ALWAYS_SEARCH_USER_PATHS = NO;
				CLANG_ANALYZER_NONNULL = YES;
				CLANG_ANALYZER_NUMBER_OBJECT_CONVERSION = YES_AGGRESSIVE;
				CLANG_CXX_LANGUAGE_STANDARD = "gnu++14";
				CLANG_CXX_LIBRARY = "libc++";
				CLANG_ENABLE_MODULES = YES;
				CLANG_ENABLE_OBJC_ARC = YES;
				CLANG_WARN_BLOCK_CAPTURE_AUTORELEASING = YES;
				CLANG_WARN_BOOL_CONVERSION = YES;
				CLANG_WARN_COMMA = YES;
				CLANG_WARN_CONSTANT_CONVERSION = YES;
				CLANG_WARN_DIRECT_OBJC_ISA_USAGE = YES_ERROR;
				CLANG_WARN_DOCUMENTATION_COMMENTS = YES;
				CLANG_WARN_EMPTY_BODY = YES;
				CLANG_WARN_ENUM_CONVERSION = YES;
				CLANG_WARN_INFINITE_RECURSION = YES;
				CLANG_WARN_INT_CONVERSION = YES;
				CLANG_WARN_NON_LITERAL_NULL_CONVERSION = YES;
				CLANG_WARN_OBJC_LITERAL_CONVERSION = YES;
				CLANG_WARN_OBJC_ROOT_CLASS = YES_ERROR;
				CLANG_WARN_RANGE_LOOP_ANALYSIS = YES;
				CLANG_WARN_STRICT_PROTOTYPES = YES;
				CLANG_WARN_SUSPICIOUS_MOVE = YES;
				CLANG_WARN_UNGUARDED_AVAILABILITY = YES_AGGRESSIVE;
				CLANG_WARN_UNREACHABLE_CODE = YES;
				CLANG_WARN__DUPLICATE_METHOD_MATCH = YES;
				CODE_SIGN_IDENTITY = "iPhone Developer";
				COPY_PHASE_STRIP = NO;
				DEBUG_INFORMATION_FORMAT = dwarf;
				ENABLE_STRICT_OBJC_MSGSEND = YES;
				ENABLE_TESTABILITY = YES;
				GCC_C_LANGUAGE_STANDARD = gnu11;
				GCC_DYNAMIC_NO_PIC = NO;
				GCC_NO_COMMON_BLOCKS = YES;
				GCC_OPTIMIZATION_LEVEL = 0;
				GCC_PREPROCESSOR_DEFINITIONS = (
					"DEBUG=1",
					"$(inherited)",
				);
				GCC_WARN_64_TO_32_BIT_CONVERSION = YES;
				GCC_WARN_ABOUT_RETURN_TYPE = YES_ERROR;
				GCC_WARN_UNDECLARED_SELECTOR = YES;
				GCC_WARN_UNINITIALIZED_AUTOS = YES_AGGRESSIVE;
				GCC_WARN_UNUSED_FUNCTION = YES;
				GCC_WARN_UNUSED_VARIABLE = YES;
				IPHONEOS_DEPLOYMENT_TARGET = 11.0;
				MTL_ENABLE_DEBUG_INFO = YES;
				ONLY_ACTIVE_ARCH = YES;
				SDKROOT = iphoneos;
				SWIFT_ACTIVE_COMPILATION_CONDITIONS = DEBUG;
				SWIFT_OPTIMIZATION_LEVEL = "-Onone";
			};
			name = Debug;
		};
		7ECA64DA1F981C23009515A4 /* Release */ = {
			isa = XCBuildConfiguration;
			buildSettings = {
				ALWAYS_SEARCH_USER_PATHS = NO;
				CLANG_ANALYZER_NONNULL = YES;
				CLANG_ANALYZER_NUMBER_OBJECT_CONVERSION = YES_AGGRESSIVE;
				CLANG_CXX_LANGUAGE_STANDARD = "gnu++14";
				CLANG_CXX_LIBRARY = "libc++";
				CLANG_ENABLE_MODULES = YES;
				CLANG_ENABLE_OBJC_ARC = YES;
				CLANG_WARN_BLOCK_CAPTURE_AUTORELEASING = YES;
				CLANG_WARN_BOOL_CONVERSION = YES;
				CLANG_WARN_COMMA = YES;
				CLANG_WARN_CONSTANT_CONVERSION = YES;
				CLANG_WARN_DIRECT_OBJC_ISA_USAGE = YES_ERROR;
				CLANG_WARN_DOCUMENTATION_COMMENTS = YES;
				CLANG_WARN_EMPTY_BODY = YES;
				CLANG_WARN_ENUM_CONVERSION = YES;
				CLANG_WARN_INFINITE_RECURSION = YES;
				CLANG_WARN_INT_CONVERSION = YES;
				CLANG_WARN_NON_LITERAL_NULL_CONVERSION = YES;
				CLANG_WARN_OBJC_LITERAL_CONVERSION = YES;
				CLANG_WARN_OBJC_ROOT_CLASS = YES_ERROR;
				CLANG_WARN_RANGE_LOOP_ANALYSIS = YES;
				CLANG_WARN_STRICT_PROTOTYPES = YES;
				CLANG_WARN_SUSPICIOUS_MOVE = YES;
				CLANG_WARN_UNGUARDED_AVAILABILITY = YES_AGGRESSIVE;
				CLANG_WARN_UNREACHABLE_CODE = YES;
				CLANG_WARN__DUPLICATE_METHOD_MATCH = YES;
				CODE_SIGN_IDENTITY = "iPhone Developer";
				COPY_PHASE_STRIP = NO;
				DEBUG_INFORMATION_FORMAT = "dwarf-with-dsym";
				ENABLE_NS_ASSERTIONS = NO;
				ENABLE_STRICT_OBJC_MSGSEND = YES;
				GCC_C_LANGUAGE_STANDARD = gnu11;
				GCC_NO_COMMON_BLOCKS = YES;
				GCC_WARN_64_TO_32_BIT_CONVERSION = YES;
				GCC_WARN_ABOUT_RETURN_TYPE = YES_ERROR;
				GCC_WARN_UNDECLARED_SELECTOR = YES;
				GCC_WARN_UNINITIALIZED_AUTOS = YES_AGGRESSIVE;
				GCC_WARN_UNUSED_FUNCTION = YES;
				GCC_WARN_UNUSED_VARIABLE = YES;
				IPHONEOS_DEPLOYMENT_TARGET = 11.0;
				MTL_ENABLE_DEBUG_INFO = NO;
				SDKROOT = iphoneos;
				SWIFT_OPTIMIZATION_LEVEL = "-Owholemodule";
				VALIDATE_PRODUCT = YES;
			};
			name = Release;
		};
		7ECA64DC1F981C23009515A4 /* Debug */ = {
			isa = XCBuildConfiguration;
			buildSettings = {
				ASSETCATALOG_COMPILER_APPICON_NAME = AppIcon;
				CODE_SIGN_STYLE = Automatic;
				INFOPLIST_FILE = CustomViewAppSample/Info.plist;
				LD_RUNPATH_SEARCH_PATHS = "$(inherited) @executable_path/Frameworks";
				PRODUCT_BUNDLE_IDENTIFIER = jp.tomorrowkey.ios.CustomViewAppSample;
				PRODUCT_NAME = "$(TARGET_NAME)";
				SWIFT_VERSION = 4.0;
				TARGETED_DEVICE_FAMILY = "1,2";
			};
			name = Debug;
		};
		7ECA64DD1F981C23009515A4 /* Release */ = {
			isa = XCBuildConfiguration;
			buildSettings = {
				ASSETCATALOG_COMPILER_APPICON_NAME = AppIcon;
				CODE_SIGN_STYLE = Automatic;
				INFOPLIST_FILE = CustomViewAppSample/Info.plist;
				LD_RUNPATH_SEARCH_PATHS = "$(inherited) @executable_path/Frameworks";
				PRODUCT_BUNDLE_IDENTIFIER = jp.tomorrowkey.ios.CustomViewAppSample;
				PRODUCT_NAME = "$(TARGET_NAME)";
				SWIFT_VERSION = 4.0;
				TARGETED_DEVICE_FAMILY = "1,2";
			};
			name = Release;
		};
/* End XCBuildConfiguration section */

/* Begin XCConfigurationList section */
		7ECA64C41F981C23009515A4 /* Build configuration list for PBXProject "CustomViewAppSample" */ = {
			isa = XCConfigurationList;
			buildConfigurations = (
				7ECA64D91F981C23009515A4 /* Debug */,
				7ECA64DA1F981C23009515A4 /* Release */,
			);
			defaultConfigurationIsVisible = 0;
			defaultConfigurationName = Release;
		};
		7ECA64DB1F981C23009515A4 /* Build configuration list for PBXNativeTarget "CustomViewAppSample" */ = {
			isa = XCConfigurationList;
			buildConfigurations = (
				7ECA64DC1F981C23009515A4 /* Debug */,
				7ECA64DD1F981C23009515A4 /* Release */,
			);
			defaultConfigurationIsVisible = 0;
			defaultConfigurationName = Release;
		};
/* End XCConfigurationList section */
	};
	rootObject = 7ECA64C11F981C23009515A4 /* Project object */;
}
